
Microsoft Visual Studio Solution File, Format Version 12.00
# Visual Studio Version 17
VisualStudioVersion = 17.0.31903.59
MinimumVisualStudioVersion = 10.0.40219.1
Project("{2150E333-8FDC-42A3-9474-1A3956D46DE8}") = "Clients", "Clients", "{9123F88B-E531-3118-42D7-ED8CEF4BD00E}"
EndProject
Project("{2150E333-8FDC-42A3-9474-1A3956D46DE8}") = "Blazor.Client", "Blazor.Client", "{B439CD5A-B960-9506-14AE-95380622EC8C}"
EndProject
Project("{FAE04EC0-301F-11D3-BF4B-00C04F79EFBC}") = "BlazorApp", "Clients\Blazor.Client\BlazorApp.csproj", "{2A75557D-45AD-427F-892E-C0422CC8060F}"
EndProject
Project("{2150E333-8FDC-42A3-9474-1A3956D46DE8}") = "MicroServices", "MicroServices", "{8A367DDA-5161-A942-4F09-60E4726C9306}"
EndProject
Project("{2150E333-8FDC-42A3-9474-1A3956D46DE8}") = "ProductCatalog", "ProductCatalog", "{F926D061-AB2A-94F5-7DDD-7C89233ED6DC}"
EndProject
Project("{FAE04EC0-301F-11D3-BF4B-00C04F79EFBC}") = "ProductCatalog.Api", "MicroServices\ProductCatalog\ProductCatalog.Api\ProductCatalog.Api.csproj", "{F974E154-E442-48AE-8D2D-88D5EB019DE1}"
EndProject
Project("{FAE04EC0-301F-11D3-BF4B-00C04F79EFBC}") = "ProductCatalog.Domain", "MicroServices\ProductCatalog\ProductCatalog.Domain\ProductCatalog.Domain.csproj", "{BAD11FA8-565C-4229-9744-A870243FA0E4}"
EndProject
Project("{FAE04EC0-301F-11D3-BF4B-00C04F79EFBC}") = "ProductCatalog.Infrastructure", "MicroServices\ProductCatalog\ProductCatalog.Infrastructure\ProductCatalog.Infrastructure.csproj", "{A9D6A527-6DCE-49A5-8AB7-64A91665C19E}"
EndProject
Project("{2150E333-8FDC-42A3-9474-1A3956D46DE8}") = "ShoppingCart", "ShoppingCart", "{21BEC94F-7842-08CA-8A57-2FA5ED6AB9CA}"
EndProject
Project("{FAE04EC0-301F-11D3-BF4B-00C04F79EFBC}") = "ShoppingCart.Api", "MicroServices\ShoppingCart\ShoppingCart.Api\ShoppingCart.Api.csproj", "{A74FDBBB-FD9E-415A-BE5F-D9DF86BD557B}"
EndProject
Project("{FAE04EC0-301F-11D3-BF4B-00C04F79EFBC}") = "ShoppingCart.Domain", "MicroServices\ShoppingCart\ShoppingCart.Domain\ShoppingCart.Domain.csproj", "{829256BB-0E10-466E-B61D-4E7521104A62}"
EndProject
Project("{FAE04EC0-301F-11D3-BF4B-00C04F79EFBC}") = "ShoppingCart.Infrastructure", "MicroServices\ShoppingCart\ShoppingCart.Infrastructure\ShoppingCart.Infrastructure.csproj", "{4F772898-DD41-49E7-B41F-F74F1AECD117}"
EndProject
Project("{2150E333-8FDC-42A3-9474-1A3956D46DE8}") = "ApiGateway", "ApiGateway", "{25D181DD-5CC9-F0B3-C64F-91E1AA77FD70}"
EndProject
Project("{FAE04EC0-301F-11D3-BF4B-00C04F79EFBC}") = "YarpApiGateway", "ApiGateway\YarpApiGateway\YarpApiGateway.csproj", "{B411E00A-E27F-49F9-B0DC-1177A8E549A8}"
EndProject
Project("{2150E333-8FDC-42A3-9474-1A3956D46DE8}") = "Ordering", "Ordering", "{3891AA7E-D94B-6467-9046-D3BB6ADA90DA}"
EndProject
Project("{FAE04EC0-301F-11D3-BF4B-00C04F79EFBC}") = "Ordering.Api", "MicroServices\Ordering\Ordering.Api\Ordering.Api.csproj", "{6284F5C3-B606-4BAA-B183-AB78F165A30B}"
EndProject
Global
	GlobalSection(SolutionConfigurationPlatforms) = preSolution
		Debug|Any CPU = Debug|Any CPU
		Debug|x64 = Debug|x64
		Debug|x86 = Debug|x86
		Release|Any CPU = Release|Any CPU
		Release|x64 = Release|x64
		Release|x86 = Release|x86
	EndGlobalSection
	GlobalSection(ProjectConfigurationPlatforms) = postSolution
		{2A75557D-45AD-427F-892E-C0422CC8060F}.Debug|Any CPU.ActiveCfg = Debug|Any CPU
		{2A75557D-45AD-427F-892E-C0422CC8060F}.Debug|Any CPU.Build.0 = Debug|Any CPU
		{2A75557D-45AD-427F-892E-C0422CC8060F}.Debug|x64.ActiveCfg = Debug|Any CPU
		{2A75557D-45AD-427F-892E-C0422CC8060F}.Debug|x64.Build.0 = Debug|Any CPU
		{2A75557D-45AD-427F-892E-C0422CC8060F}.Debug|x86.ActiveCfg = Debug|Any CPU
		{2A75557D-45AD-427F-892E-C0422CC8060F}.Debug|x86.Build.0 = Debug|Any CPU
		{2A75557D-45AD-427F-892E-C0422CC8060F}.Release|Any CPU.ActiveCfg = Release|Any CPU
		{2A75557D-45AD-427F-892E-C0422CC8060F}.Release|Any CPU.Build.0 = Release|Any CPU
		{2A75557D-45AD-427F-892E-C0422CC8060F}.Release|x64.ActiveCfg = Release|Any CPU
		{2A75557D-45AD-427F-892E-C0422CC8060F}.Release|x64.Build.0 = Release|Any CPU
		{2A75557D-45AD-427F-892E-C0422CC8060F}.Release|x86.ActiveCfg = Release|Any CPU
		{2A75557D-45AD-427F-892E-C0422CC8060F}.Release|x86.Build.0 = Release|Any CPU
		{F974E154-E442-48AE-8D2D-88D5EB019DE1}.Debug|Any CPU.ActiveCfg = Debug|Any CPU
		{F974E154-E442-48AE-8D2D-88D5EB019DE1}.Debug|Any CPU.Build.0 = Debug|Any CPU
		{F974E154-E442-48AE-8D2D-88D5EB019DE1}.Debug|x64.ActiveCfg = Debug|Any CPU
		{F974E154-E442-48AE-8D2D-88D5EB019DE1}.Debug|x64.Build.0 = Debug|Any CPU
		{F974E154-E442-48AE-8D2D-88D5EB019DE1}.Debug|x86.ActiveCfg = Debug|Any CPU
		{F974E154-E442-48AE-8D2D-88D5EB019DE1}.Debug|x86.Build.0 = Debug|Any CPU
		{F974E154-E442-48AE-8D2D-88D5EB019DE1}.Release|Any CPU.ActiveCfg = Release|Any CPU
		{F974E154-E442-48AE-8D2D-88D5EB019DE1}.Release|Any CPU.Build.0 = Release|Any CPU
		{F974E154-E442-48AE-8D2D-88D5EB019DE1}.Release|x64.ActiveCfg = Release|Any CPU
		{F974E154-E442-48AE-8D2D-88D5EB019DE1}.Release|x64.Build.0 = Release|Any CPU
		{F974E154-E442-48AE-8D2D-88D5EB019DE1}.Release|x86.ActiveCfg = Release|Any CPU
		{F974E154-E442-48AE-8D2D-88D5EB019DE1}.Release|x86.Build.0 = Release|Any CPU
		{BAD11FA8-565C-4229-9744-A870243FA0E4}.Debug|Any CPU.ActiveCfg = Debug|Any CPU
		{BAD11FA8-565C-4229-9744-A870243FA0E4}.Debug|Any CPU.Build.0 = Debug|Any CPU
		{BAD11FA8-565C-4229-9744-A870243FA0E4}.Debug|x64.ActiveCfg = Debug|Any CPU
		{BAD11FA8-565C-4229-9744-A870243FA0E4}.Debug|x64.Build.0 = Debug|Any CPU
		{BAD11FA8-565C-4229-9744-A870243FA0E4}.Debug|x86.ActiveCfg = Debug|Any CPU
		{BAD11FA8-565C-4229-9744-A870243FA0E4}.Debug|x86.Build.0 = Debug|Any CPU
		{BAD11FA8-565C-4229-9744-A870243FA0E4}.Release|Any CPU.ActiveCfg = Release|Any CPU
		{BAD11FA8-565C-4229-9744-A870243FA0E4}.Release|Any CPU.Build.0 = Release|Any CPU
		{BAD11FA8-565C-4229-9744-A870243FA0E4}.Release|x64.ActiveCfg = Release|Any CPU
		{BAD11FA8-565C-4229-9744-A870243FA0E4}.Release|x64.Build.0 = Release|Any CPU
		{BAD11FA8-565C-4229-9744-A870243FA0E4}.Release|x86.ActiveCfg = Release|Any CPU
		{BAD11FA8-565C-4229-9744-A870243FA0E4}.Release|x86.Build.0 = Release|Any CPU
		{A9D6A527-6DCE-49A5-8AB7-64A91665C19E}.Debug|Any CPU.ActiveCfg = Debug|Any CPU
		{A9D6A527-6DCE-49A5-8AB7-64A91665C19E}.Debug|Any CPU.Build.0 = Debug|Any CPU
		{A9D6A527-6DCE-49A5-8AB7-64A91665C19E}.Debug|x64.ActiveCfg = Debug|Any CPU
		{A9D6A527-6DCE-49A5-8AB7-64A91665C19E}.Debug|x64.Build.0 = Debug|Any CPU
		{A9D6A527-6DCE-49A5-8AB7-64A91665C19E}.Debug|x86.ActiveCfg = Debug|Any CPU
		{A9D6A527-6DCE-49A5-8AB7-64A91665C19E}.Debug|x86.Build.0 = Debug|Any CPU
		{A9D6A527-6DCE-49A5-8AB7-64A91665C19E}.Release|Any CPU.ActiveCfg = Release|Any CPU
		{A9D6A527-6DCE-49A5-8AB7-64A91665C19E}.Release|Any CPU.Build.0 = Release|Any CPU
		{A9D6A527-6DCE-49A5-8AB7-64A91665C19E}.Release|x64.ActiveCfg = Release|Any CPU
		{A9D6A527-6DCE-49A5-8AB7-64A91665C19E}.Release|x64.Build.0 = Release|Any CPU
		{A9D6A527-6DCE-49A5-8AB7-64A91665C19E}.Release|x86.ActiveCfg = Release|Any CPU
		{A9D6A527-6DCE-49A5-8AB7-64A91665C19E}.Release|x86.Build.0 = Release|Any CPU
		{A74FDBBB-FD9E-415A-BE5F-D9DF86BD557B}.Debug|Any CPU.ActiveCfg = Debug|Any CPU
		{A74FDBBB-FD9E-415A-BE5F-D9DF86BD557B}.Debug|Any CPU.Build.0 = Debug|Any CPU
		{A74FDBBB-FD9E-415A-BE5F-D9DF86BD557B}.Debug|x64.ActiveCfg = Debug|Any CPU
		{A74FDBBB-FD9E-415A-BE5F-D9DF86BD557B}.Debug|x64.Build.0 = Debug|Any CPU
		{A74FDBBB-FD9E-415A-BE5F-D9DF86BD557B}.Debug|x86.ActiveCfg = Debug|Any CPU
		{A74FDBBB-FD9E-415A-BE5F-D9DF86BD557B}.Debug|x86.Build.0 = Debug|Any CPU
		{A74FDBBB-FD9E-415A-BE5F-D9DF86BD557B}.Release|Any CPU.ActiveCfg = Release|Any CPU
		{A74FDBBB-FD9E-415A-BE5F-D9DF86BD557B}.Release|Any CPU.Build.0 = Release|Any CPU
		{A74FDBBB-FD9E-415A-BE5F-D9DF86BD557B}.Release|x64.ActiveCfg = Release|Any CPU
		{A74FDBBB-FD9E-415A-BE5F-D9DF86BD557B}.Release|x64.Build.0 = Release|Any CPU
		{A74FDBBB-FD9E-415A-BE5F-D9DF86BD557B}.Release|x86.ActiveCfg = Release|Any CPU
		{A74FDBBB-FD9E-415A-BE5F-D9DF86BD557B}.Release|x86.Build.0 = Release|Any CPU
		{829256BB-0E10-466E-B61D-4E7521104A62}.Debug|Any CPU.ActiveCfg = Debug|Any CPU
		{829256BB-0E10-466E-B61D-4E7521104A62}.Debug|Any CPU.Build.0 = Debug|Any CPU
		{829256BB-0E10-466E-B61D-4E7521104A62}.Debug|x64.ActiveCfg = Debug|Any CPU
		{829256BB-0E10-466E-B61D-4E7521104A62}.Debug|x64.Build.0 = Debug|Any CPU
		{829256BB-0E10-466E-B61D-4E7521104A62}.Debug|x86.ActiveCfg = Debug|Any CPU
		{829256BB-0E10-466E-B61D-4E7521104A62}.Debug|x86.Build.0 = Debug|Any CPU
		{829256BB-0E10-466E-B61D-4E7521104A62}.Release|Any CPU.ActiveCfg = Release|Any CPU
		{829256BB-0E10-466E-B61D-4E7521104A62}.Release|Any CPU.Build.0 = Release|Any CPU
		{829256BB-0E10-466E-B61D-4E7521104A62}.Release|x64.ActiveCfg = Release|Any CPU
		{829256BB-0E10-466E-B61D-4E7521104A62}.Release|x64.Build.0 = Release|Any CPU
		{829256BB-0E10-466E-B61D-4E7521104A62}.Release|x86.ActiveCfg = Release|Any CPU
		{829256BB-0E10-466E-B61D-4E7521104A62}.Release|x86.Build.0 = Release|Any CPU
		{4F772898-DD41-49E7-B41F-F74F1AECD117}.Debug|Any CPU.ActiveCfg = Debug|Any CPU
		{4F772898-DD41-49E7-B41F-F74F1AECD117}.Debug|Any CPU.Build.0 = Debug|Any CPU
		{4F772898-DD41-49E7-B41F-F74F1AECD117}.Debug|x64.ActiveCfg = Debug|Any CPU
		{4F772898-DD41-49E7-B41F-F74F1AECD117}.Debug|x64.Build.0 = Debug|Any CPU
		{4F772898-DD41-49E7-B41F-F74F1AECD117}.Debug|x86.ActiveCfg = Debug|Any CPU
		{4F772898-DD41-49E7-B41F-F74F1AECD117}.Debug|x86.Build.0 = Debug|Any CPU
		{4F772898-DD41-49E7-B41F-F74F1AECD117}.Release|Any CPU.ActiveCfg = Release|Any CPU
		{4F772898-DD41-49E7-B41F-F74F1AECD117}.Release|Any CPU.Build.0 = Release|Any CPU
		{4F772898-DD41-49E7-B41F-F74F1AECD117}.Release|x64.ActiveCfg = Release|Any CPU
		{4F772898-DD41-49E7-B41F-F74F1AECD117}.Release|x64.Build.0 = Release|Any CPU
		{4F772898-DD41-49E7-B41F-F74F1AECD117}.Release|x86.ActiveCfg = Release|Any CPU
		{4F772898-DD41-49E7-B41F-F74F1AECD117}.Release|x86.Build.0 = Release|Any CPU
		{B411E00A-E27F-49F9-B0DC-1177A8E549A8}.Debug|Any CPU.ActiveCfg = Debug|Any CPU
		{B411E00A-E27F-49F9-B0DC-1177A8E549A8}.Debug|Any CPU.Build.0 = Debug|Any CPU
		{B411E00A-E27F-49F9-B0DC-1177A8E549A8}.Debug|x64.ActiveCfg = Debug|Any CPU
		{B411E00A-E27F-49F9-B0DC-1177A8E549A8}.Debug|x64.Build.0 = Debug|Any CPU
		{B411E00A-E27F-49F9-B0DC-1177A8E549A8}.Debug|x86.ActiveCfg = Debug|Any CPU
		{B411E00A-E27F-49F9-B0DC-1177A8E549A8}.Debug|x86.Build.0 = Debug|Any CPU
		{B411E00A-E27F-49F9-B0DC-1177A8E549A8}.Release|Any CPU.ActiveCfg = Release|Any CPU
		{B411E00A-E27F-49F9-B0DC-1177A8E549A8}.Release|Any CPU.Build.0 = Release|Any CPU
		{B411E00A-E27F-49F9-B0DC-1177A8E549A8}.Release|x64.ActiveCfg = Release|Any CPU
		{B411E00A-E27F-49F9-B0DC-1177A8E549A8}.Release|x64.Build.0 = Release|Any CPU
		{B411E00A-E27F-49F9-B0DC-1177A8E549A8}.Release|x86.ActiveCfg = Release|Any CPU
		{B411E00A-E27F-49F9-B0DC-1177A8E549A8}.Release|x86.Build.0 = Release|Any CPU
		{6284F5C3-B606-4BAA-B183-AB78F165A30B}.Debug|Any CPU.ActiveCfg = Debug|Any CPU
		{6284F5C3-B606-4BAA-B183-AB78F165A30B}.Debug|Any CPU.Build.0 = Debug|Any CPU
		{6284F5C3-B606-4BAA-B183-AB78F165A30B}.Debug|x64.ActiveCfg = Debug|Any CPU
		{6284F5C3-B606-4BAA-B183-AB78F165A30B}.Debug|x64.Build.0 = Debug|Any CPU
		{6284F5C3-B606-4BAA-B183-AB78F165A30B}.Debug|x86.ActiveCfg = Debug|Any CPU
		{6284F5C3-B606-4BAA-B183-AB78F165A30B}.Debug|x86.Build.0 = Debug|Any CPU
		{6284F5C3-B606-4BAA-B183-AB78F165A30B}.Release|Any CPU.ActiveCfg = Release|Any CPU
		{6284F5C3-B606-4BAA-B183-AB78F165A30B}.Release|Any CPU.Build.0 = Release|Any CPU
		{6284F5C3-B606-4BAA-B183-AB78F165A30B}.Release|x64.ActiveCfg = Release|Any CPU
		{6284F5C3-B606-4BAA-B183-AB78F165A30B}.Release|x64.Build.0 = Release|Any CPU
		{6284F5C3-B606-4BAA-B183-AB78F165A30B}.Release|x86.ActiveCfg = Release|Any CPU
		{6284F5C3-B606-4BAA-B183-AB78F165A30B}.Release|x86.Build.0 = Release|Any CPU
	EndGlobalSection
	GlobalSection(SolutionProperties) = preSolution
		HideSolutionNode = FALSE
	EndGlobalSection
	GlobalSection(NestedProjects) = preSolution
		{B439CD5A-B960-9506-14AE-95380622EC8C} = {9123F88B-E531-3118-42D7-ED8CEF4BD00E}
		{2A75557D-45AD-427F-892E-C0422CC8060F} = {B439CD5A-B960-9506-14AE-95380622EC8C}
		{F926D061-AB2A-94F5-7DDD-7C89233ED6DC} = {8A367DDA-5161-A942-4F09-60E4726C9306}
		{F974E154-E442-48AE-8D2D-88D5EB019DE1} = {F926D061-AB2A-94F5-7DDD-7C89233ED6DC}
		{BAD11FA8-565C-4229-9744-A870243FA0E4} = {F926D061-AB2A-94F5-7DDD-7C89233ED6DC}
		{A9D6A527-6DCE-49A5-8AB7-64A91665C19E} = {F926D061-AB2A-94F5-7DDD-7C89233ED6DC}
		{21BEC94F-7842-08CA-8A57-2FA5ED6AB9CA} = {8A367DDA-5161-A942-4F09-60E4726C9306}
		{A74FDBBB-FD9E-415A-BE5F-D9DF86BD557B} = {21BEC94F-7842-08CA-8A57-2FA5ED6AB9CA}
		{829256BB-0E10-466E-B61D-4E7521104A62} = {21BEC94F-7842-08CA-8A57-2FA5ED6AB9CA}
		{4F772898-DD41-49E7-B41F-F74F1AECD117} = {21BEC94F-7842-08CA-8A57-2FA5ED6AB9CA}
		{B411E00A-E27F-49F9-B0DC-1177A8E549A8} = {25D181DD-5CC9-F0B3-C64F-91E1AA77FD70}
		{3891AA7E-D94B-6467-9046-D3BB6ADA90DA} = {8A367DDA-5161-A942-4F09-60E4726C9306}
		{6284F5C3-B606-4BAA-B183-AB78F165A30B} = {3891AA7E-D94B-6467-9046-D3BB6ADA90DA}
	EndGlobalSection
	GlobalSection(ExtensibilityGlobals) = postSolution
		SolutionGuid = {62FDEA92-3103-47E7-8A6A-FB1F0D2A6D78}
	EndGlobalSection
EndGlobal
